
Microsoft Visual Studio Solution File, Format Version 12.00
# Visual Studio Version 17
VisualStudioVersion = 17.5.33414.496
MinimumVisualStudioVersion = 10.0.40219.1
Project("{9A19103F-16F7-4668-BE54-9A1E7A4F7556}") = "WebAPI-Day1", "WebAPI-Day1\WebAPI-Day1.csproj", "{80510B56-FF0E-4A01-923F-539DB148F78D}"
EndProject
Project("{9A19103F-16F7-4668-BE54-9A1E7A4F7556}") = "EmployeeDep.API-Day2", "WebAPIDay2\EmployeeDep.API-Day2.csproj", "{695135EF-887F-4748-A374-B00A16171F72}"
EndProject
Project("{9A19103F-16F7-4668-BE54-9A1E7A4F7556}") = "EmployeeDep.BL", "EmployeeDepBL\EmployeeDep.BL.csproj", "{83CEACB8-55EB-4ADB-9461-981508D0F44F}"
EndProject
Project("{9A19103F-16F7-4668-BE54-9A1E7A4F7556}") = "EmployeeDep.DAL", "EmployeeDepDAL\EmployeeDep.DAL.csproj", "{E96C73DD-5139-42C1-8814-044167DA2B06}"
EndProject
Global
	GlobalSection(SolutionConfigurationPlatforms) = preSolution
		Debug|Any CPU = Debug|Any CPU
		Release|Any CPU = Release|Any CPU
	EndGlobalSection
	GlobalSection(ProjectConfigurationPlatforms) = postSolution
		{80510B56-FF0E-4A01-923F-539DB148F78D}.Debug|Any CPU.ActiveCfg = Debug|Any CPU
		{80510B56-FF0E-4A01-923F-539DB148F78D}.Debug|Any CPU.Build.0 = Debug|Any CPU
		{80510B56-FF0E-4A01-923F-539DB148F78D}.Release|Any CPU.ActiveCfg = Release|Any CPU
		{80510B56-FF0E-4A01-923F-539DB148F78D}.Release|Any CPU.Build.0 = Release|Any CPU
		{695135EF-887F-4748-A374-B00A16171F72}.Debug|Any CPU.ActiveCfg = Debug|Any CPU
		{695135EF-887F-4748-A374-B00A16171F72}.Debug|Any CPU.Build.0 = Debug|Any CPU
		{695135EF-887F-4748-A374-B00A16171F72}.Release|Any CPU.ActiveCfg = Release|Any CPU
		{695135EF-887F-4748-A374-B00A16171F72}.Release|Any CPU.Build.0 = Release|Any CPU
		{83CEACB8-55EB-4ADB-9461-981508D0F44F}.Debug|Any CPU.ActiveCfg = Debug|Any CPU
		{83CEACB8-55EB-4ADB-9461-981508D0F44F}.Debug|Any CPU.Build.0 = Debug|Any CPU
		{83CEACB8-55EB-4ADB-9461-981508D0F44F}.Release|Any CPU.ActiveCfg = Release|Any CPU
		{83CEACB8-55EB-4ADB-9461-981508D0F44F}.Release|Any CPU.Build.0 = Release|Any CPU
		{E96C73DD-5139-42C1-8814-044167DA2B06}.Debug|Any CPU.ActiveCfg = Debug|Any CPU
		{E96C73DD-5139-42C1-8814-044167DA2B06}.Debug|Any CPU.Build.0 = Debug|Any CPU
		{E96C73DD-5139-42C1-8814-044167DA2B06}.Release|Any CPU.ActiveCfg = Release|Any CPU
		{E96C73DD-5139-42C1-8814-044167DA2B06}.Release|Any CPU.Build.0 = Release|Any CPU
	EndGlobalSection
	GlobalSection(SolutionProperties) = preSolution
		HideSolutionNode = FALSE
	EndGlobalSection
	GlobalSection(ExtensibilityGlobals) = postSolution
		SolutionGuid = {B92D6115-3A0C-4AF2-8F8E-D52F2683613F}
	EndGlobalSection
EndGlobal
